// !$*UTF8*$!
{
	archiveVersion = 1;
	classes = {
	};
	objectVersion = 51;
	objects = {

/* Begin PBXBuildFile section */
		870C7005BD30FD805C995D92 /* Pods_Todoey.framework in Frameworks */ = {isa = PBXBuildFile; fileRef = F3F1EDEE64F7EB17B42FBB77 /* Pods_Todoey.framework */; };
		F66675DC27C82DB20098AF0C /* AppDelegate.swift in Sources */ = {isa = PBXBuildFile; fileRef = F66675DB27C82DB20098AF0C /* AppDelegate.swift */; };
		F66675DE27C82DB20098AF0C /* SceneDelegate.swift in Sources */ = {isa = PBXBuildFile; fileRef = F66675DD27C82DB20098AF0C /* SceneDelegate.swift */; };
		F66675E827C82DB30098AF0C /* LaunchScreen.storyboard in Resources */ = {isa = PBXBuildFile; fileRef = F66675E627C82DB30098AF0C /* LaunchScreen.storyboard */; };
		F66675F327C82E990098AF0C /* CategoryViewController.swift in Sources */ = {isa = PBXBuildFile; fileRef = F66675F227C82E990098AF0C /* CategoryViewController.swift */; };
		F66675F527C82EAF0098AF0C /* SwipeTableViewController.swift in Sources */ = {isa = PBXBuildFile; fileRef = F66675F427C82EAF0098AF0C /* SwipeTableViewController.swift */; };
		F66675F727C82ECA0098AF0C /* ToDoListViewController.swift in Sources */ = {isa = PBXBuildFile; fileRef = F66675F627C82ECA0098AF0C /* ToDoListViewController.swift */; };
		F66675FA27C82F320098AF0C /* Item.swift in Sources */ = {isa = PBXBuildFile; fileRef = F66675F927C82F320098AF0C /* Item.swift */; };
		F66675FC27C82F3C0098AF0C /* Category.swift in Sources */ = {isa = PBXBuildFile; fileRef = F66675FB27C82F3C0098AF0C /* Category.swift */; };
		F66675FE27C82FDE0098AF0C /* Main.storyboard in Resources */ = {isa = PBXBuildFile; fileRef = F66675FD27C82FDE0098AF0C /* Main.storyboard */; };
		F666760027C830010098AF0C /* Assets.xcassets in Resources */ = {isa = PBXBuildFile; fileRef = F66675FF27C830010098AF0C /* Assets.xcassets */; };
/* End PBXBuildFile section */

/* Begin PBXFileReference section */
		4B35472E78E16EE0462BB4C3 /* Pods-Todoey.debug.xcconfig */ = {isa = PBXFileReference; includeInIndex = 1; lastKnownFileType = text.xcconfig; name = "Pods-Todoey.debug.xcconfig"; path = "Target Support Files/Pods-Todoey/Pods-Todoey.debug.xcconfig"; sourceTree = "<group>"; };
		836636E98D33D13D08EF1DDB /* Pods-Todoey.release.xcconfig */ = {isa = PBXFileReference; includeInIndex = 1; lastKnownFileType = text.xcconfig; name = "Pods-Todoey.release.xcconfig"; path = "Target Support Files/Pods-Todoey/Pods-Todoey.release.xcconfig"; sourceTree = "<group>"; };
		F3F1EDEE64F7EB17B42FBB77 /* Pods_Todoey.framework */ = {isa = PBXFileReference; explicitFileType = wrapper.framework; includeInIndex = 0; path = Pods_Todoey.framework; sourceTree = BUILT_PRODUCTS_DIR; };
		F66675D827C82DB20098AF0C /* Todoey.app */ = {isa = PBXFileReference; explicitFileType = wrapper.application; includeInIndex = 0; path = Todoey.app; sourceTree = BUILT_PRODUCTS_DIR; };
		F66675DB27C82DB20098AF0C /* AppDelegate.swift */ = {isa = PBXFileReference; lastKnownFileType = sourcecode.swift; path = AppDelegate.swift; sourceTree = "<group>"; };
		F66675DD27C82DB20098AF0C /* SceneDelegate.swift */ = {isa = PBXFileReference; lastKnownFileType = sourcecode.swift; path = SceneDelegate.swift; sourceTree = "<group>"; };
		F66675E727C82DB30098AF0C /* Base */ = {isa = PBXFileReference; lastKnownFileType = file.storyboard; name = Base; path = Base.lproj/LaunchScreen.storyboard; sourceTree = "<group>"; };
		F66675E927C82DB30098AF0C /* Info.plist */ = {isa = PBXFileReference; lastKnownFileType = text.plist.xml; path = Info.plist; sourceTree = "<group>"; };
		F66675F227C82E990098AF0C /* CategoryViewController.swift */ = {isa = PBXFileReference; lastKnownFileType = sourcecode.swift; path = CategoryViewController.swift; sourceTree = "<group>"; };
		F66675F427C82EAF0098AF0C /* SwipeTableViewController.swift */ = {isa = PBXFileReference; lastKnownFileType = sourcecode.swift; path = SwipeTableViewController.swift; sourceTree = "<group>"; };
		F66675F627C82ECA0098AF0C /* ToDoListViewController.swift */ = {isa = PBXFileReference; lastKnownFileType = sourcecode.swift; path = ToDoListViewController.swift; sourceTree = "<group>"; };
		F66675F927C82F320098AF0C /* Item.swift */ = {isa = PBXFileReference; lastKnownFileType = sourcecode.swift; path = Item.swift; sourceTree = "<group>"; };
		F66675FB27C82F3C0098AF0C /* Category.swift */ = {isa = PBXFileReference; lastKnownFileType = sourcecode.swift; path = Category.swift; sourceTree = "<group>"; };
		F66675FD27C82FDE0098AF0C /* Main.storyboard */ = {isa = PBXFileReference; fileEncoding = 4; lastKnownFileType = file.storyboard; path = Main.storyboard; sourceTree = "<group>"; };
		F66675FF27C830010098AF0C /* Assets.xcassets */ = {isa = PBXFileReference; lastKnownFileType = folder.assetcatalog; name = Assets.xcassets; path = ../../../../Udemy_iOS/Todoey/Todoey/SupportingFiles/Assets.xcassets; sourceTree = "<group>"; };
/* End PBXFileReference section */

/* Begin PBXFrameworksBuildPhase section */
		F66675D527C82DB20098AF0C /* Frameworks */ = {
			isa = PBXFrameworksBuildPhase;
			buildActionMask = 2147483647;
			files = (
				870C7005BD30FD805C995D92 /* Pods_Todoey.framework in Frameworks */,
			);
			runOnlyForDeploymentPostprocessing = 0;
		};
/* End PBXFrameworksBuildPhase section */

/* Begin PBXGroup section */
		13C28BEE9645E8C13464DF09 /* Frameworks */ = {
			isa = PBXGroup;
			children = (
				F3F1EDEE64F7EB17B42FBB77 /* Pods_Todoey.framework */,
			);
			name = Frameworks;
			sourceTree = "<group>";
		};
		E2FCFBA80F05DCC9E2D4BF00 /* Pods */ = {
			isa = PBXGroup;
			children = (
				4B35472E78E16EE0462BB4C3 /* Pods-Todoey.debug.xcconfig */,
				836636E98D33D13D08EF1DDB /* Pods-Todoey.release.xcconfig */,
			);
			path = Pods;
			sourceTree = "<group>";
		};
		F66675CF27C82DB20098AF0C = {
			isa = PBXGroup;
			children = (
				F66675DA27C82DB20098AF0C /* Todoey */,
				F66675D927C82DB20098AF0C /* Products */,
				E2FCFBA80F05DCC9E2D4BF00 /* Pods */,
				13C28BEE9645E8C13464DF09 /* Frameworks */,
			);
			sourceTree = "<group>";
		};
		F66675D927C82DB20098AF0C /* Products */ = {
			isa = PBXGroup;
			children = (
				F66675D827C82DB20098AF0C /* Todoey.app */,
			);
			name = Products;
			sourceTree = "<group>";
		};
		F66675DA27C82DB20098AF0C /* Todoey */ = {
			isa = PBXGroup;
			children = (
				F66675F827C82F220098AF0C /* Model */,
				F66675DB27C82DB20098AF0C /* AppDelegate.swift */,
				F66675DD27C82DB20098AF0C /* SceneDelegate.swift */,
				F66675EF27C82E4D0098AF0C /* Controllers */,
				F66675F027C82E5A0098AF0C /* Views */,
				F66675F127C82E680098AF0C /* Supporting Files */,
				F66675E927C82DB30098AF0C /* Info.plist */,
			);
			path = Todoey;
			sourceTree = "<group>";
		};
		F66675EF27C82E4D0098AF0C /* Controllers */ = {
			isa = PBXGroup;
			children = (
				F66675F227C82E990098AF0C /* CategoryViewController.swift */,
				F66675F427C82EAF0098AF0C /* SwipeTableViewController.swift */,
				F66675F627C82ECA0098AF0C /* ToDoListViewController.swift */,
			);
			path = Controllers;
			sourceTree = "<group>";
		};
		F66675F027C82E5A0098AF0C /* Views */ = {
			isa = PBXGroup;
			children = (
				F66675FD27C82FDE0098AF0C /* Main.storyboard */,
			);
			path = Views;
			sourceTree = "<group>";
		};
		F66675F127C82E680098AF0C /* Supporting Files */ = {
			isa = PBXGroup;
			children = (
				F66675FF27C830010098AF0C /* Assets.xcassets */,
				F66675E627C82DB30098AF0C /* LaunchScreen.storyboard */,
			);
			path = "Supporting Files";
			sourceTree = "<group>";
		};
		F66675F827C82F220098AF0C /* Model */ = {
			isa = PBXGroup;
			children = (
				F66675F927C82F320098AF0C /* Item.swift */,
				F66675FB27C82F3C0098AF0C /* Category.swift */,
			);
			path = Model;
			sourceTree = "<group>";
		};
/* End PBXGroup section */

/* Begin PBXNativeTarget section */
		F66675D727C82DB20098AF0C /* Todoey */ = {
			isa = PBXNativeTarget;
			buildConfigurationList = F66675EC27C82DB30098AF0C /* Build configuration list for PBXNativeTarget "Todoey" */;
			buildPhases = (
				0895041143F6853BAD6EBD3B /* [CP] Check Pods Manifest.lock */,
				F66675D427C82DB20098AF0C /* Sources */,
				F66675D527C82DB20098AF0C /* Frameworks */,
				F66675D627C82DB20098AF0C /* Resources */,
				DF290C13F84D7AADAA4DDAB1 /* [CP] Embed Pods Frameworks */,
			);
			buildRules = (
			);
			dependencies = (
			);
			name = Todoey;
			productName = Todoey;
			productReference = F66675D827C82DB20098AF0C /* Todoey.app */;
			productType = "com.apple.product-type.application";
		};
/* End PBXNativeTarget section */

/* Begin PBXProject section */
		F66675D027C82DB20098AF0C /* Project object */ = {
			isa = PBXProject;
			attributes = {
				LastSwiftUpdateCheck = 1250;
				LastUpgradeCheck = 1250;
				TargetAttributes = {
					F66675D727C82DB20098AF0C = {
						CreatedOnToolsVersion = 12.5;
					};
				};
			};
			buildConfigurationList = F66675D327C82DB20098AF0C /* Build configuration list for PBXProject "Todoey" */;
			compatibilityVersion = "Xcode 9.3";
			developmentRegion = en;
			hasScannedForEncodings = 0;
			knownRegions = (
				en,
				Base,
			);
			mainGroup = F66675CF27C82DB20098AF0C;
			productRefGroup = F66675D927C82DB20098AF0C /* Products */;
			projectDirPath = "";
			projectRoot = "";
			targets = (
				F66675D727C82DB20098AF0C /* Todoey */,
			);
		};
/* End PBXProject section */

/* Begin PBXResourcesBuildPhase section */
		F66675D627C82DB20098AF0C /* Resources */ = {
			isa = PBXResourcesBuildPhase;
			buildActionMask = 2147483647;
			files = (
				F66675FE27C82FDE0098AF0C /* Main.storyboard in Resources */,
				F666760027C830010098AF0C /* Assets.xcassets in Resources */,
				F66675E827C82DB30098AF0C /* LaunchScreen.storyboard in Resources */,
			);
			runOnlyForDeploymentPostprocessing = 0;
		};
/* End PBXResourcesBuildPhase section */

/* Begin PBXShellScriptBuildPhase section */
		0895041143F6853BAD6EBD3B /* [CP] Check Pods Manifest.lock */ = {
			isa = PBXShellScriptBuildPhase;
			buildActionMask = 2147483647;
			files = (
			);
			inputFileListPaths = (
			);
			inputPaths = (
				"${PODS_PODFILE_DIR_PATH}/Podfile.lock",
				"${PODS_ROOT}/Manifest.lock",
			);
			name = "[CP] Check Pods Manifest.lock";
			outputFileListPaths = (
			);
			outputPaths = (
				"$(DERIVED_FILE_DIR)/Pods-Todoey-checkManifestLockResult.txt",
			);
			runOnlyForDeploymentPostprocessing = 0;
			shellPath = /bin/sh;
			shellScript = "diff \"${PODS_PODFILE_DIR_PATH}/Podfile.lock\" \"${PODS_ROOT}/Manifest.lock\" > /dev/null\nif [ $? != 0 ] ; then\n    # print error to STDERR\n    echo \"error: The sandbox is not in sync with the Podfile.lock. Run 'pod install' or update your CocoaPods installation.\" >&2\n    exit 1\nfi\n# This output is used by Xcode 'outputs' to avoid re-running this script phase.\necho \"SUCCESS\" > \"${SCRIPT_OUTPUT_FILE_0}\"\n";
			showEnvVarsInLog = 0;
		};
		DF290C13F84D7AADAA4DDAB1 /* [CP] Embed Pods Frameworks */ = {
			isa = PBXShellScriptBuildPhase;
			buildActionMask = 2147483647;
			files = (
			);
			inputFileListPaths = (
				"${PODS_ROOT}/Target Support Files/Pods-Todoey/Pods-Todoey-frameworks-${CONFIGURATION}-input-files.xcfilelist",
			);
			name = "[CP] Embed Pods Frameworks";
			outputFileListPaths = (
				"${PODS_ROOT}/Target Support Files/Pods-Todoey/Pods-Todoey-frameworks-${CONFIGURATION}-output-files.xcfilelist",
			);
			runOnlyForDeploymentPostprocessing = 0;
			shellPath = /bin/sh;
			shellScript = "\"${PODS_ROOT}/Target Support Files/Pods-Todoey/Pods-Todoey-frameworks.sh\"\n";
			showEnvVarsInLog = 0;
		};
/* End PBXShellScriptBuildPhase section */

/* Begin PBXSourcesBuildPhase section */
		F66675D427C82DB20098AF0C /* Sources */ = {
			isa = PBXSourcesBuildPhase;
			buildActionMask = 2147483647;
			files = (
				F66675F327C82E990098AF0C /* CategoryViewController.swift in Sources */,
				F66675DC27C82DB20098AF0C /* AppDelegate.swift in Sources */,
				F66675DE27C82DB20098AF0C /* SceneDelegate.swift in Sources */,
				F66675F727C82ECA0098AF0C /* ToDoListViewController.swift in Sources */,
				F66675FA27C82F320098AF0C /* Item.swift in Sources */,
				F66675F527C82EAF0098AF0C /* SwipeTableViewController.swift in Sources */,
				F66675FC27C82F3C0098AF0C /* Category.swift in Sources */,
			);
			runOnlyForDeploymentPostprocessing = 0;
		};
/* End PBXSourcesBuildPhase section */

/* Begin PBXVariantGroup section */
		F66675E627C82DB30098AF0C /* LaunchScreen.storyboard */ = {
			isa = PBXVariantGroup;
			children = (
				F66675E727C82DB30098AF0C /* Base */,
			);
			name = LaunchScreen.storyboard;
			sourceTree = "<group>";
		};
/* End PBXVariantGroup section */

/* Begin XCBuildConfiguration section */
		F66675EA27C82DB30098AF0C /* Debug */ = {
			isa = XCBuildConfiguration;
			buildSettings = {
				ALWAYS_SEARCH_USER_PATHS = NO;
				CLANG_ANALYZER_NONNULL = YES;
				CLANG_ANALYZER_NUMBER_OBJECT_CONVERSION = YES_AGGRESSIVE;
				CLANG_CXX_LANGUAGE_STANDARD = "gnu++14";
				CLANG_CXX_LIBRARY = "libc++";
				CLANG_ENABLE_MODULES = YES;
				CLANG_ENABLE_OBJC_ARC = YES;
				CLANG_ENABLE_OBJC_WEAK = YES;
				CLANG_WARN_BLOCK_CAPTURE_AUTORELEASING = YES;
				CLANG_WARN_BOOL_CONVERSION = YES;
				CLANG_WARN_COMMA = YES;
				CLANG_WARN_CONSTANT_CONVERSION = YES;
				CLANG_WARN_DEPRECATED_OBJC_IMPLEMENTATIONS = YES;
				CLANG_WARN_DIRECT_OBJC_ISA_USAGE = YES_ERROR;
				CLANG_WARN_DOCUMENTATION_COMMENTS = YES;
				CLANG_WARN_EMPTY_BODY = YES;
				CLANG_WARN_ENUM_CONVERSION = YES;
				CLANG_WARN_INFINITE_RECURSION = YES;
				CLANG_WARN_INT_CONVERSION = YES;
				CLANG_WARN_NON_LITERAL_NULL_CONVERSION = YES;
				CLANG_WARN_OBJC_IMPLICIT_RETAIN_SELF = YES;
				CLANG_WARN_OBJC_LITERAL_CONVERSION = YES;
				CLANG_WARN_OBJC_ROOT_CLASS = YES_ERROR;
				CLANG_WARN_QUOTED_INCLUDE_IN_FRAMEWORK_HEADER = YES;
				CLANG_WARN_RANGE_LOOP_ANALYSIS = YES;
				CLANG_WARN_STRICT_PROTOTYPES = YES;
				CLANG_WARN_SUSPICIOUS_MOVE = YES;
				CLANG_WARN_UNGUARDED_AVAILABILITY = YES_AGGRESSIVE;
				CLANG_WARN_UNREACHABLE_CODE = YES;
				CLANG_WARN__DUPLICATE_METHOD_MATCH = YES;
				COPY_PHASE_STRIP = NO;
				DEBUG_INFORMATION_FORMAT = dwarf;
				ENABLE_STRICT_OBJC_MSGSEND = YES;
				ENABLE_TESTABILITY = YES;
				GCC_C_LANGUAGE_STANDARD = gnu11;
				GCC_DYNAMIC_NO_PIC = NO;
				GCC_NO_COMMON_BLOCKS = YES;
				GCC_OPTIMIZATION_LEVEL = 0;
				GCC_PREPROCESSOR_DEFINITIONS = (
					"DEBUG=1",
					"$(inherited)",
				);
				GCC_WARN_64_TO_32_BIT_CONVERSION = YES;
				GCC_WARN_ABOUT_RETURN_TYPE = YES_ERROR;
				GCC_WARN_UNDECLARED_SELECTOR = YES;
				GCC_WARN_UNINITIALIZED_AUTOS = YES_AGGRESSIVE;
				GCC_WARN_UNUSED_FUNCTION = YES;
				GCC_WARN_UNUSED_VARIABLE = YES;
				IPHONEOS_DEPLOYMENT_TARGET = 14.5;
				MTL_ENABLE_DEBUG_INFO = INCLUDE_SOURCE;
				MTL_FAST_MATH = YES;
				ONLY_ACTIVE_ARCH = YES;
				SDKROOT = iphoneos;
				SWIFT_ACTIVE_COMPILATION_CONDITIONS = DEBUG;
				SWIFT_OPTIMIZATION_LEVEL = "-Onone";
			};
			name = Debug;
		};
		F66675EB27C82DB30098AF0C /* Release */ = {
			isa = XCBuildConfiguration;
			buildSettings = {
				ALWAYS_SEARCH_USER_PATHS = NO;
				CLANG_ANALYZER_NONNULL = YES;
				CLANG_ANALYZER_NUMBER_OBJECT_CONVERSION = YES_AGGRESSIVE;
				CLANG_CXX_LANGUAGE_STANDARD = "gnu++14";
				CLANG_CXX_LIBRARY = "libc++";
				CLANG_ENABLE_MODULES = YES;
				CLANG_ENABLE_OBJC_ARC = YES;
				CLANG_ENABLE_OBJC_WEAK = YES;
				CLANG_WARN_BLOCK_CAPTURE_AUTORELEASING = YES;
				CLANG_WARN_BOOL_CONVERSION = YES;
				CLANG_WARN_COMMA = YES;
				CLANG_WARN_CONSTANT_CONVERSION = YES;
				CLANG_WARN_DEPRECATED_OBJC_IMPLEMENTATIONS = YES;
				CLANG_WARN_DIRECT_OBJC_ISA_USAGE = YES_ERROR;
				CLANG_WARN_DOCUMENTATION_COMMENTS = YES;
				CLANG_WARN_EMPTY_BODY = YES;
				CLANG_WARN_ENUM_CONVERSION = YES;
				CLANG_WARN_INFINITE_RECURSION = YES;
				CLANG_WARN_INT_CONVERSION = YES;
				CLANG_WARN_NON_LITERAL_NULL_CONVERSION = YES;
				CLANG_WARN_OBJC_IMPLICIT_RETAIN_SELF = YES;
				CLANG_WARN_OBJC_LITERAL_CONVERSION = YES;
				CLANG_WARN_OBJC_ROOT_CLASS = YES_ERROR;
				CLANG_WARN_QUOTED_INCLUDE_IN_FRAMEWORK_HEADER = YES;
				CLANG_WARN_RANGE_LOOP_ANALYSIS = YES;
				CLANG_WARN_STRICT_PROTOTYPES = YES;
				CLANG_WARN_SUSPICIOUS_MOVE = YES;
				CLANG_WARN_UNGUARDED_AVAILABILITY = YES_AGGRESSIVE;
				CLANG_WARN_UNREACHABLE_CODE = YES;
				CLANG_WARN__DUPLICATE_METHOD_MATCH = YES;
				COPY_PHASE_STRIP = NO;
				DEBUG_INFORMATION_FORMAT = "dwarf-with-dsym";
				ENABLE_NS_ASSERTIONS = NO;
				ENABLE_STRICT_OBJC_MSGSEND = YES;
				GCC_C_LANGUAGE_STANDARD = gnu11;
				GCC_NO_COMMON_BLOCKS = YES;
				GCC_WARN_64_TO_32_BIT_CONVERSION = YES;
				GCC_WARN_ABOUT_RETURN_TYPE = YES_ERROR;
				GCC_WARN_UNDECLARED_SELECTOR = YES;
				GCC_WARN_UNINITIALIZED_AUTOS = YES_AGGRESSIVE;
				GCC_WARN_UNUSED_FUNCTION = YES;
				GCC_WARN_UNUSED_VARIABLE = YES;
				IPHONEOS_DEPLOYMENT_TARGET = 14.5;
				MTL_ENABLE_DEBUG_INFO = NO;
				MTL_FAST_MATH = YES;
				SDKROOT = iphoneos;
				SWIFT_COMPILATION_MODE = wholemodule;
				SWIFT_OPTIMIZATION_LEVEL = "-O";
				VALIDATE_PRODUCT = YES;
			};
			name = Release;
		};
		F66675ED27C82DB30098AF0C /* Debug */ = {
			isa = XCBuildConfiguration;
			baseConfigurationReference = 4B35472E78E16EE0462BB4C3 /* Pods-Todoey.debug.xcconfig */;
			buildSettings = {
				ASSETCATALOG_COMPILER_APPICON_NAME = AppIcon;
				ASSETCATALOG_COMPILER_GLOBAL_ACCENT_COLOR_NAME = AccentColor;
				CODE_SIGN_STYLE = Automatic;
				DEVELOPMENT_TEAM = 683Q9N7W68;
				INFOPLIST_FILE = Todoey/Info.plist;
				LD_RUNPATH_SEARCH_PATHS = (
					"$(inherited)",
					"@executable_path/Frameworks",
				);
				PRODUCT_BUNDLE_IDENTIFIER = com.zhc.Todoey;
				PRODUCT_NAME = "$(TARGET_NAME)";
				SWIFT_VERSION = 5.0;
				TARGETED_DEVICE_FAMILY = "1,2";
			};
			name = Debug;
		};
		F66675EE27C82DB30098AF0C /* Release */ = {
			isa = XCBuildConfiguration;
			baseConfigurationReference = 836636E98D33D13D08EF1DDB /* Pods-Todoey.release.xcconfig */;
			buildSettings = {
				ASSETCATALOG_COMPILER_APPICON_NAME = AppIcon;
				ASSETCATALOG_COMPILER_GLOBAL_ACCENT_COLOR_NAME = AccentColor;
				CODE_SIGN_STYLE = Automatic;
				DEVELOPMENT_TEAM = 683Q9N7W68;
				INFOPLIST_FILE = Todoey/Info.plist;
				LD_RUNPATH_SEARCH_PATHS = (
					"$(inherited)",
					"@executable_path/Frameworks",
				);
				PRODUCT_BUNDLE_IDENTIFIER = com.zhc.Todoey;
				PRODUCT_NAME = "$(TARGET_NAME)";
				SWIFT_VERSION = 5.0;
				TARGETED_DEVICE_FAMILY = "1,2";
			};
			name = Release;
		};
/* End XCBuildConfiguration section */

/* Begin XCConfigurationList section */
		F66675D327C82DB20098AF0C /* Build configuration list for PBXProject "Todoey" */ = {
			isa = XCConfigurationList;
			buildConfigurations = (
				F66675EA27C82DB30098AF0C /* Debug */,
				F66675EB27C82DB30098AF0C /* Release */,
			);
			defaultConfigurationIsVisible = 0;
			defaultConfigurationName = Release;
		};
		F66675EC27C82DB30098AF0C /* Build configuration list for PBXNativeTarget "Todoey" */ = {
			isa = XCConfigurationList;
			buildConfigurations = (
				F66675ED27C82DB30098AF0C /* Debug */,
				F66675EE27C82DB30098AF0C /* Release */,
			);
			defaultConfigurationIsVisible = 0;
			defaultConfigurationName = Release;
		};
/* End XCConfigurationList section */
	};
	rootObject = F66675D027C82DB20098AF0C /* Project object */;
}
